# THIS IS AN AUTOGENERATED FILE. DO NOT EDIT THIS FILE DIRECTLY.
# yarn lockfile v1


quill-image-uploader@^1.2.4:
  version "1.2.4"
  resolved "https://registry.yarnpkg.com/quill-image-uploader/-/quill-image-uploader-1.2.4.tgz#18be96dd1d2d662c401327728df6c16d3c5ce8d2"
  integrity sha512-ipho6Qpsu4wMlnmrGjlT5C6VzoFag0o2TiOWXR3wJm3g44cG9f5DisPGo7CZkvsCdrxHhNrf2p4BAPWQ4eE8NA==
